// !$*UTF8*$!
{
	archiveVersion = 1;
	classes = {
	};
	objectVersion = 46;
	objects = {

/* Begin PBXBuildFile section */
		822785A81EC46E8B003A64E8 /* XXNavigationController.m in Sources */ = {isa = PBXBuildFile; fileRef = 822785A71EC46E8B003A64E8 /* XXNavigationController.m */; };
		822785AB1EC46F1D003A64E8 /* XXViewController.m in Sources */ = {isa = PBXBuildFile; fileRef = 822785AA1EC46F1D003A64E8 /* XXViewController.m */; };
		823FB8C91EC94F2500984BCD /* XXTableViewCell.m in Sources */ = {isa = PBXBuildFile; fileRef = 823FB8C81EC94F2500984BCD /* XXTableViewCell.m */; };
		823FB8CC1EC9535A00984BCD /* Plist_Discover.plist in Resources */ = {isa = PBXBuildFile; fileRef = 823FB8CB1EC9535A00984BCD /* Plist_Discover.plist */; };
		825D4E1C1EC54321000C4028 /* XXTabBarController.m in Sources */ = {isa = PBXBuildFile; fileRef = 825D4E1B1EC54321000C4028 /* XXTabBarController.m */; };
		825D4E1F1EC543C5000C4028 /* AppDelegate+Router.m in Sources */ = {isa = PBXBuildFile; fileRef = 825D4E1E1EC543C5000C4028 /* AppDelegate+Router.m */; };
		825D4E221EC543FE000C4028 /* XXRouter.m in Sources */ = {isa = PBXBuildFile; fileRef = 825D4E211EC543FE000C4028 /* XXRouter.m */; };
		825D4E261EC544A9000C4028 /* XXContactsViewController.m in Sources */ = {isa = PBXBuildFile; fileRef = 825D4E251EC544A9000C4028 /* XXContactsViewController.m */; };
		825D4E291EC544BC000C4028 /* XXDiscoverViewController.m in Sources */ = {isa = PBXBuildFile; fileRef = 825D4E281EC544BC000C4028 /* XXDiscoverViewController.m */; };
		825D4E2C1EC544D2000C4028 /* XXMainframeViewController.m in Sources */ = {isa = PBXBuildFile; fileRef = 825D4E2B1EC544D2000C4028 /* XXMainframeViewController.m */; };
		825D4E2F1EC544DC000C4028 /* XXMeViewController.m in Sources */ = {isa = PBXBuildFile; fileRef = 825D4E2E1EC544DC000C4028 /* XXMeViewController.m */; };
		82D575681EC317E4004AAFB0 /* main.m in Sources */ = {isa = PBXBuildFile; fileRef = 82D575671EC317E4004AAFB0 /* main.m */; };
		82D5756B1EC317E5004AAFB0 /* AppDelegate.m in Sources */ = {isa = PBXBuildFile; fileRef = 82D5756A1EC317E5004AAFB0 /* AppDelegate.m */; };
		82D575711EC317E5004AAFB0 /* Main.storyboard in Resources */ = {isa = PBXBuildFile; fileRef = 82D5756F1EC317E5004AAFB0 /* Main.storyboard */; };
		82D575731EC317E5004AAFB0 /* Assets.xcassets in Resources */ = {isa = PBXBuildFile; fileRef = 82D575721EC317E5004AAFB0 /* Assets.xcassets */; };
		82D575761EC317E5004AAFB0 /* LaunchScreen.storyboard in Resources */ = {isa = PBXBuildFile; fileRef = 82D575741EC317E5004AAFB0 /* LaunchScreen.storyboard */; };
		E46E4851567B03AA7D4D2A66 /* libPods-XX_WeChat.a in Frameworks */ = {isa = PBXBuildFile; fileRef = C22C899F30B0BB8FCA69DE70 /* libPods-XX_WeChat.a */; };
/* End PBXBuildFile section */

/* Begin PBXFileReference section */
		822785A31EC45F8C003A64E8 /* PrefixHeader.pch */ = {isa = PBXFileReference; fileEncoding = 4; lastKnownFileType = sourcecode.c.h; path = PrefixHeader.pch; sourceTree = "<group>"; };
		822785A41EC4608E003A64E8 /* Header.h */ = {isa = PBXFileReference; fileEncoding = 4; lastKnownFileType = sourcecode.c.h; path = Header.h; sourceTree = "<group>"; };
		822785A61EC46E8B003A64E8 /* XXNavigationController.h */ = {isa = PBXFileReference; fileEncoding = 4; lastKnownFileType = sourcecode.c.h; path = XXNavigationController.h; sourceTree = "<group>"; };
		822785A71EC46E8B003A64E8 /* XXNavigationController.m */ = {isa = PBXFileReference; fileEncoding = 4; lastKnownFileType = sourcecode.c.objc; path = XXNavigationController.m; sourceTree = "<group>"; };
		822785A91EC46F1D003A64E8 /* XXViewController.h */ = {isa = PBXFileReference; fileEncoding = 4; lastKnownFileType = sourcecode.c.h; path = XXViewController.h; sourceTree = "<group>"; };
		822785AA1EC46F1D003A64E8 /* XXViewController.m */ = {isa = PBXFileReference; fileEncoding = 4; lastKnownFileType = sourcecode.c.objc; path = XXViewController.m; sourceTree = "<group>"; };
		823FB8C71EC94F2500984BCD /* XXTableViewCell.h */ = {isa = PBXFileReference; fileEncoding = 4; lastKnownFileType = sourcecode.c.h; path = XXTableViewCell.h; sourceTree = "<group>"; };
		823FB8C81EC94F2500984BCD /* XXTableViewCell.m */ = {isa = PBXFileReference; fileEncoding = 4; lastKnownFileType = sourcecode.c.objc; path = XXTableViewCell.m; sourceTree = "<group>"; };
		823FB8CB1EC9535A00984BCD /* Plist_Discover.plist */ = {isa = PBXFileReference; fileEncoding = 4; lastKnownFileType = text.plist.xml; path = Plist_Discover.plist; sourceTree = "<group>"; };
		825D4E1A1EC54321000C4028 /* XXTabBarController.h */ = {isa = PBXFileReference; fileEncoding = 4; lastKnownFileType = sourcecode.c.h; path = XXTabBarController.h; sourceTree = "<group>"; };
		825D4E1B1EC54321000C4028 /* XXTabBarController.m */ = {isa = PBXFileReference; fileEncoding = 4; lastKnownFileType = sourcecode.c.objc; path = XXTabBarController.m; sourceTree = "<group>"; };
		825D4E1D1EC543C5000C4028 /* AppDelegate+Router.h */ = {isa = PBXFileReference; fileEncoding = 4; lastKnownFileType = sourcecode.c.h; path = "AppDelegate+Router.h"; sourceTree = "<group>"; };
		825D4E1E1EC543C5000C4028 /* AppDelegate+Router.m */ = {isa = PBXFileReference; fileEncoding = 4; lastKnownFileType = sourcecode.c.objc; path = "AppDelegate+Router.m"; sourceTree = "<group>"; };
		825D4E201EC543FE000C4028 /* XXRouter.h */ = {isa = PBXFileReference; fileEncoding = 4; lastKnownFileType = sourcecode.c.h; path = XXRouter.h; sourceTree = "<group>"; };
		825D4E211EC543FE000C4028 /* XXRouter.m */ = {isa = PBXFileReference; fileEncoding = 4; lastKnownFileType = sourcecode.c.objc; path = XXRouter.m; sourceTree = "<group>"; };
		825D4E241EC544A9000C4028 /* XXContactsViewController.h */ = {isa = PBXFileReference; fileEncoding = 4; lastKnownFileType = sourcecode.c.h; path = XXContactsViewController.h; sourceTree = "<group>"; };
		825D4E251EC544A9000C4028 /* XXContactsViewController.m */ = {isa = PBXFileReference; fileEncoding = 4; lastKnownFileType = sourcecode.c.objc; path = XXContactsViewController.m; sourceTree = "<group>"; };
		825D4E271EC544BC000C4028 /* XXDiscoverViewController.h */ = {isa = PBXFileReference; fileEncoding = 4; lastKnownFileType = sourcecode.c.h; path = XXDiscoverViewController.h; sourceTree = "<group>"; };
		825D4E281EC544BC000C4028 /* XXDiscoverViewController.m */ = {isa = PBXFileReference; fileEncoding = 4; lastKnownFileType = sourcecode.c.objc; path = XXDiscoverViewController.m; sourceTree = "<group>"; };
		825D4E2A1EC544D2000C4028 /* XXMainframeViewController.h */ = {isa = PBXFileReference; fileEncoding = 4; lastKnownFileType = sourcecode.c.h; path = XXMainframeViewController.h; sourceTree = "<group>"; };
		825D4E2B1EC544D2000C4028 /* XXMainframeViewController.m */ = {isa = PBXFileReference; fileEncoding = 4; lastKnownFileType = sourcecode.c.objc; path = XXMainframeViewController.m; sourceTree = "<group>"; };
		825D4E2D1EC544DC000C4028 /* XXMeViewController.h */ = {isa = PBXFileReference; fileEncoding = 4; lastKnownFileType = sourcecode.c.h; path = XXMeViewController.h; sourceTree = "<group>"; };
		825D4E2E1EC544DC000C4028 /* XXMeViewController.m */ = {isa = PBXFileReference; fileEncoding = 4; lastKnownFileType = sourcecode.c.objc; path = XXMeViewController.m; sourceTree = "<group>"; };
		82D575631EC317E4004AAFB0 /* XX_WeChat.app */ = {isa = PBXFileReference; explicitFileType = wrapper.application; includeInIndex = 0; path = XX_WeChat.app; sourceTree = BUILT_PRODUCTS_DIR; };
		82D575671EC317E4004AAFB0 /* main.m */ = {isa = PBXFileReference; lastKnownFileType = sourcecode.c.objc; path = main.m; sourceTree = "<group>"; };
		82D575691EC317E5004AAFB0 /* AppDelegate.h */ = {isa = PBXFileReference; lastKnownFileType = sourcecode.c.h; path = AppDelegate.h; sourceTree = "<group>"; };
		82D5756A1EC317E5004AAFB0 /* AppDelegate.m */ = {isa = PBXFileReference; lastKnownFileType = sourcecode.c.objc; path = AppDelegate.m; sourceTree = "<group>"; };
		82D575701EC317E5004AAFB0 /* Base */ = {isa = PBXFileReference; lastKnownFileType = file.storyboard; name = Base; path = Base.lproj/Main.storyboard; sourceTree = "<group>"; };
		82D575721EC317E5004AAFB0 /* Assets.xcassets */ = {isa = PBXFileReference; lastKnownFileType = folder.assetcatalog; path = Assets.xcassets; sourceTree = "<group>"; };
		82D575751EC317E5004AAFB0 /* Base */ = {isa = PBXFileReference; lastKnownFileType = file.storyboard; name = Base; path = Base.lproj/LaunchScreen.storyboard; sourceTree = "<group>"; };
		82D575771EC317E5004AAFB0 /* Info.plist */ = {isa = PBXFileReference; lastKnownFileType = text.plist.xml; path = Info.plist; sourceTree = "<group>"; };
		C22C899F30B0BB8FCA69DE70 /* libPods-XX_WeChat.a */ = {isa = PBXFileReference; explicitFileType = archive.ar; includeInIndex = 0; path = "libPods-XX_WeChat.a"; sourceTree = BUILT_PRODUCTS_DIR; };
		C762B8D94B92670B15C56ED8 /* Pods-XX_WeChat.debug.xcconfig */ = {isa = PBXFileReference; includeInIndex = 1; lastKnownFileType = text.xcconfig; name = "Pods-XX_WeChat.debug.xcconfig"; path = "Pods/Target Support Files/Pods-XX_WeChat/Pods-XX_WeChat.debug.xcconfig"; sourceTree = "<group>"; };
		EE41E3481B110FE6F8BF677C /* Pods-XX_WeChat.release.xcconfig */ = {isa = PBXFileReference; includeInIndex = 1; lastKnownFileType = text.xcconfig; name = "Pods-XX_WeChat.release.xcconfig"; path = "Pods/Target Support Files/Pods-XX_WeChat/Pods-XX_WeChat.release.xcconfig"; sourceTree = "<group>"; };
/* End PBXFileReference section */

/* Begin PBXFrameworksBuildPhase section */
		82D575601EC317E4004AAFB0 /* Frameworks */ = {
			isa = PBXFrameworksBuildPhase;
			buildActionMask = 2147483647;
			files = (
				E46E4851567B03AA7D4D2A66 /* libPods-XX_WeChat.a in Frameworks */,
			);
			runOnlyForDeploymentPostprocessing = 0;
		};
/* End PBXFrameworksBuildPhase section */

/* Begin PBXGroup section */
		6B7E22257EEEDF3E91EF9525 /* Pods */ = {
			isa = PBXGroup;
			children = (
				C762B8D94B92670B15C56ED8 /* Pods-XX_WeChat.debug.xcconfig */,
				EE41E3481B110FE6F8BF677C /* Pods-XX_WeChat.release.xcconfig */,
			);
			name = Pods;
			sourceTree = "<group>";
		};
		8227859D1EC45756003A64E8 /* Feature */ = {
			isa = PBXGroup;
			children = (
				823FB8C61EC94EA000984BCD /* discover(发现) */,
				825D4E231EC5447C000C4028 /* Main */,
			);
			path = Feature;
			sourceTree = "<group>";
		};
		8227859E1EC45798003A64E8 /* Common */ = {
			isa = PBXGroup;
			children = (
				822785A01EC45EBB003A64E8 /* Utils */,
				8227859F1EC45EAF003A64E8 /* Base */,
			);
			path = Common;
			sourceTree = "<group>";
		};
		8227859F1EC45EAF003A64E8 /* Base */ = {
			isa = PBXGroup;
			children = (
				823FB8CA1EC951F700984BCD /* Plist */,
				822785A51EC46E41003A64E8 /* Root */,
				822785A21EC45ED4003A64E8 /* Categories */,
				822785A11EC45ECB003A64E8 /* Widget */,
			);
			name = Base;
			sourceTree = "<group>";
		};
		822785A01EC45EBB003A64E8 /* Utils */ = {
			isa = PBXGroup;
			children = (
				825D4E201EC543FE000C4028 /* XXRouter.h */,
				825D4E211EC543FE000C4028 /* XXRouter.m */,
			);
			name = Utils;
			sourceTree = "<group>";
		};
		822785A11EC45ECB003A64E8 /* Widget */ = {
			isa = PBXGroup;
			children = (
			);
			name = Widget;
			sourceTree = "<group>";
		};
		822785A21EC45ED4003A64E8 /* Categories */ = {
			isa = PBXGroup;
			children = (
			);
			name = Categories;
			sourceTree = "<group>";
		};
		822785A51EC46E41003A64E8 /* Root */ = {
			isa = PBXGroup;
			children = (
				822785A61EC46E8B003A64E8 /* XXNavigationController.h */,
				822785A71EC46E8B003A64E8 /* XXNavigationController.m */,
				822785A91EC46F1D003A64E8 /* XXViewController.h */,
				822785AA1EC46F1D003A64E8 /* XXViewController.m */,
				825D4E1A1EC54321000C4028 /* XXTabBarController.h */,
				825D4E1B1EC54321000C4028 /* XXTabBarController.m */,
				823FB8C71EC94F2500984BCD /* XXTableViewCell.h */,
				823FB8C81EC94F2500984BCD /* XXTableViewCell.m */,
			);
			name = Root;
			sourceTree = "<group>";
		};
		823FB8C61EC94EA000984BCD /* discover(发现) */ = {
			isa = PBXGroup;
			children = (
			);
			name = "discover(发现)";
			sourceTree = "<group>";
		};
		823FB8CA1EC951F700984BCD /* Plist */ = {
			isa = PBXGroup;
			children = (
				823FB8CB1EC9535A00984BCD /* Plist_Discover.plist */,
			);
			name = Plist;
			sourceTree = "<group>";
		};
		825D4E231EC5447C000C4028 /* Main */ = {
			isa = PBXGroup;
			children = (
				825D4E241EC544A9000C4028 /* XXContactsViewController.h */,
				825D4E251EC544A9000C4028 /* XXContactsViewController.m */,
				825D4E271EC544BC000C4028 /* XXDiscoverViewController.h */,
				825D4E281EC544BC000C4028 /* XXDiscoverViewController.m */,
				825D4E2A1EC544D2000C4028 /* XXMainframeViewController.h */,
				825D4E2B1EC544D2000C4028 /* XXMainframeViewController.m */,
				825D4E2D1EC544DC000C4028 /* XXMeViewController.h */,
				825D4E2E1EC544DC000C4028 /* XXMeViewController.m */,
			);
			name = Main;
			sourceTree = "<group>";
		};
		82D5755A1EC317E4004AAFB0 = {
			isa = PBXGroup;
			children = (
				82D575651EC317E4004AAFB0 /* XX_WeChat */,
				82D575641EC317E4004AAFB0 /* Products */,
				6B7E22257EEEDF3E91EF9525 /* Pods */,
				A62C46FCEAE3B6AD5DE9B18E /* Frameworks */,
			);
			sourceTree = "<group>";
		};
		82D575641EC317E4004AAFB0 /* Products */ = {
			isa = PBXGroup;
			children = (
				82D575631EC317E4004AAFB0 /* XX_WeChat.app */,
			);
			name = Products;
			sourceTree = "<group>";
		};
		82D575651EC317E4004AAFB0 /* XX_WeChat */ = {
			isa = PBXGroup;
			children = (
				8227859E1EC45798003A64E8 /* Common */,
				8227859D1EC45756003A64E8 /* Feature */,
				82D575691EC317E5004AAFB0 /* AppDelegate.h */,
				82D5756A1EC317E5004AAFB0 /* AppDelegate.m */,
				825D4E1D1EC543C5000C4028 /* AppDelegate+Router.h */,
				825D4E1E1EC543C5000C4028 /* AppDelegate+Router.m */,
				82D5756F1EC317E5004AAFB0 /* Main.storyboard */,
				82D575721EC317E5004AAFB0 /* Assets.xcassets */,
				82D575741EC317E5004AAFB0 /* LaunchScreen.storyboard */,
				82D575771EC317E5004AAFB0 /* Info.plist */,
				82D575661EC317E4004AAFB0 /* Supporting Files */,
			);
			path = XX_WeChat;
			sourceTree = "<group>";
		};
		82D575661EC317E4004AAFB0 /* Supporting Files */ = {
			isa = PBXGroup;
			children = (
				82D575671EC317E4004AAFB0 /* main.m */,
				822785A31EC45F8C003A64E8 /* PrefixHeader.pch */,
				822785A41EC4608E003A64E8 /* Header.h */,
			);
			name = "Supporting Files";
			sourceTree = "<group>";
		};
		A62C46FCEAE3B6AD5DE9B18E /* Frameworks */ = {
			isa = PBXGroup;
			children = (
				C22C899F30B0BB8FCA69DE70 /* libPods-XX_WeChat.a */,
			);
			name = Frameworks;
			sourceTree = "<group>";
		};
/* End PBXGroup section */

/* Begin PBXNativeTarget section */
		82D575621EC317E4004AAFB0 /* XX_WeChat */ = {
			isa = PBXNativeTarget;
			buildConfigurationList = 82D5757A1EC317E5004AAFB0 /* Build configuration list for PBXNativeTarget "XX_WeChat" */;
			buildPhases = (
				804B95FB9984D99DFE5B78EA /* [CP] Check Pods Manifest.lock */,
				82D5755F1EC317E4004AAFB0 /* Sources */,
				82D575601EC317E4004AAFB0 /* Frameworks */,
				82D575611EC317E4004AAFB0 /* Resources */,
				936772ABC24F8FA866289B9A /* [CP] Embed Pods Frameworks */,
				9629DDFD8F599B4110396760 /* [CP] Copy Pods Resources */,
			);
			buildRules = (
			);
			dependencies = (
			);
			name = XX_WeChat;
			productName = XX_WeChat;
			productReference = 82D575631EC317E4004AAFB0 /* XX_WeChat.app */;
			productType = "com.apple.product-type.application";
		};
/* End PBXNativeTarget section */

/* Begin PBXProject section */
		82D5755B1EC317E4004AAFB0 /* Project object */ = {
			isa = PBXProject;
			attributes = {
				CLASSPREFIX = XX;
				LastUpgradeCheck = 0830;
				ORGANIZATIONNAME = IANI;
				TargetAttributes = {
					82D575621EC317E4004AAFB0 = {
						CreatedOnToolsVersion = 8.3.1;
						ProvisioningStyle = Automatic;
					};
				};
			};
			buildConfigurationList = 82D5755E1EC317E4004AAFB0 /* Build configuration list for PBXProject "XX_WeChat" */;
			compatibilityVersion = "Xcode 3.2";
			developmentRegion = English;
			hasScannedForEncodings = 0;
			knownRegions = (
				en,
				Base,
			);
			mainGroup = 82D5755A1EC317E4004AAFB0;
			productRefGroup = 82D575641EC317E4004AAFB0 /* Products */;
			projectDirPath = "";
			projectRoot = "";
			targets = (
				82D575621EC317E4004AAFB0 /* XX_WeChat */,
			);
		};
/* End PBXProject section */

/* Begin PBXResourcesBuildPhase section */
		82D575611EC317E4004AAFB0 /* Resources */ = {
			isa = PBXResourcesBuildPhase;
			buildActionMask = 2147483647;
			files = (
				823FB8CC1EC9535A00984BCD /* Plist_Discover.plist in Resources */,
				82D575761EC317E5004AAFB0 /* LaunchScreen.storyboard in Resources */,
				82D575731EC317E5004AAFB0 /* Assets.xcassets in Resources */,
				82D575711EC317E5004AAFB0 /* Main.storyboard in Resources */,
			);
			runOnlyForDeploymentPostprocessing = 0;
		};
/* End PBXResourcesBuildPhase section */

/* Begin PBXShellScriptBuildPhase section */
		804B95FB9984D99DFE5B78EA /* [CP] Check Pods Manifest.lock */ = {
			isa = PBXShellScriptBuildPhase;
			buildActionMask = 2147483647;
			files = (
			);
			inputPaths = (
			);
			name = "[CP] Check Pods Manifest.lock";
			outputPaths = (
			);
			runOnlyForDeploymentPostprocessing = 0;
			shellPath = /bin/sh;
			shellScript = "diff \"${PODS_PODFILE_DIR_PATH}/Podfile.lock\" \"${PODS_ROOT}/Manifest.lock\" > /dev/null\nif [ $? != 0 ] ; then\n    # print error to STDERR\n    echo \"error: The sandbox is not in sync with the Podfile.lock. Run 'pod install' or update your CocoaPods installation.\" >&2\n    exit 1\nfi\n";
			showEnvVarsInLog = 0;
		};
		936772ABC24F8FA866289B9A /* [CP] Embed Pods Frameworks */ = {
			isa = PBXShellScriptBuildPhase;
			buildActionMask = 2147483647;
			files = (
			);
			inputPaths = (
			);
			name = "[CP] Embed Pods Frameworks";
			outputPaths = (
			);
			runOnlyForDeploymentPostprocessing = 0;
			shellPath = /bin/sh;
			shellScript = "\"${SRCROOT}/Pods/Target Support Files/Pods-XX_WeChat/Pods-XX_WeChat-frameworks.sh\"\n";
			showEnvVarsInLog = 0;
		};
		9629DDFD8F599B4110396760 /* [CP] Copy Pods Resources */ = {
			isa = PBXShellScriptBuildPhase;
			buildActionMask = 2147483647;
			files = (
			);
			inputPaths = (
			);
			name = "[CP] Copy Pods Resources";
			outputPaths = (
			);
			runOnlyForDeploymentPostprocessing = 0;
			shellPath = /bin/sh;
			shellScript = "\"${SRCROOT}/Pods/Target Support Files/Pods-XX_WeChat/Pods-XX_WeChat-resources.sh\"\n";
			showEnvVarsInLog = 0;
		};
/* End PBXShellScriptBuildPhase section */

/* Begin PBXSourcesBuildPhase section */
		82D5755F1EC317E4004AAFB0 /* Sources */ = {
			isa = PBXSourcesBuildPhase;
			buildActionMask = 2147483647;
			files = (
				82D5756B1EC317E5004AAFB0 /* AppDelegate.m in Sources */,
				825D4E1F1EC543C5000C4028 /* AppDelegate+Router.m in Sources */,
				825D4E291EC544BC000C4028 /* XXDiscoverViewController.m in Sources */,
				823FB8C91EC94F2500984BCD /* XXTableViewCell.m in Sources */,
				822785AB1EC46F1D003A64E8 /* XXViewController.m in Sources */,
				825D4E261EC544A9000C4028 /* XXContactsViewController.m in Sources */,
				82D575681EC317E4004AAFB0 /* main.m in Sources */,
				825D4E2F1EC544DC000C4028 /* XXMeViewController.m in Sources */,
				825D4E1C1EC54321000C4028 /* XXTabBarController.m in Sources */,
				825D4E221EC543FE000C4028 /* XXRouter.m in Sources */,
				822785A81EC46E8B003A64E8 /* XXNavigationController.m in Sources */,
				825D4E2C1EC544D2000C4028 /* XXMainframeViewController.m in Sources */,
			);
			runOnlyForDeploymentPostprocessing = 0;
		};
/* End PBXSourcesBuildPhase section */

/* Begin PBXVariantGroup section */
		82D5756F1EC317E5004AAFB0 /* Main.storyboard */ = {
			isa = PBXVariantGroup;
			children = (
				82D575701EC317E5004AAFB0 /* Base */,
			);
			name = Main.storyboard;
			sourceTree = "<group>";
		};
		82D575741EC317E5004AAFB0 /* LaunchScreen.storyboard */ = {
			isa = PBXVariantGroup;
			children = (
				82D575751EC317E5004AAFB0 /* Base */,
			);
			name = LaunchScreen.storyboard;
			sourceTree = "<group>";
		};
/* End PBXVariantGroup section */

/* Begin XCBuildConfiguration section */
		82D575781EC317E5004AAFB0 /* Debug */ = {
			isa = XCBuildConfiguration;
			buildSettings = {
				ALWAYS_SEARCH_USER_PATHS = NO;
				CLANG_ANALYZER_NONNULL = YES;
				CLANG_ANALYZER_NUMBER_OBJECT_CONVERSION = YES_AGGRESSIVE;
				CLANG_CXX_LANGUAGE_STANDARD = "gnu++0x";
				CLANG_CXX_LIBRARY = "libc++";
				CLANG_ENABLE_MODULES = YES;
				CLANG_ENABLE_OBJC_ARC = YES;
				CLANG_WARN_BOOL_CONVERSION = YES;
				CLANG_WARN_CONSTANT_CONVERSION = YES;
				CLANG_WARN_DIRECT_OBJC_ISA_USAGE = YES_ERROR;
				CLANG_WARN_DOCUMENTATION_COMMENTS = YES;
				CLANG_WARN_EMPTY_BODY = YES;
				CLANG_WARN_ENUM_CONVERSION = YES;
				CLANG_WARN_INFINITE_RECURSION = YES;
				CLANG_WARN_INT_CONVERSION = YES;
				CLANG_WARN_OBJC_ROOT_CLASS = YES_ERROR;
				CLANG_WARN_SUSPICIOUS_MOVE = YES;
				CLANG_WARN_UNREACHABLE_CODE = YES;
				CLANG_WARN__DUPLICATE_METHOD_MATCH = YES;
				"CODE_SIGN_IDENTITY[sdk=iphoneos*]" = "iPhone Developer";
				COPY_PHASE_STRIP = NO;
				DEBUG_INFORMATION_FORMAT = dwarf;
				ENABLE_STRICT_OBJC_MSGSEND = YES;
				ENABLE_TESTABILITY = YES;
				GCC_C_LANGUAGE_STANDARD = gnu99;
				GCC_DYNAMIC_NO_PIC = NO;
				GCC_NO_COMMON_BLOCKS = YES;
				GCC_OPTIMIZATION_LEVEL = 0;
				GCC_PREPROCESSOR_DEFINITIONS = (
					"DEBUG=1",
					"$(inherited)",
				);
				GCC_WARN_64_TO_32_BIT_CONVERSION = YES;
				GCC_WARN_ABOUT_RETURN_TYPE = YES_ERROR;
				GCC_WARN_UNDECLARED_SELECTOR = YES;
				GCC_WARN_UNINITIALIZED_AUTOS = YES_AGGRESSIVE;
				GCC_WARN_UNUSED_FUNCTION = YES;
				GCC_WARN_UNUSED_VARIABLE = YES;
				IPHONEOS_DEPLOYMENT_TARGET = 10.3;
				MTL_ENABLE_DEBUG_INFO = YES;
				ONLY_ACTIVE_ARCH = YES;
				SDKROOT = iphoneos;
				TARGETED_DEVICE_FAMILY = "1,2";
			};
			name = Debug;
		};
		82D575791EC317E5004AAFB0 /* Release */ = {
			isa = XCBuildConfiguration;
			buildSettings = {
				ALWAYS_SEARCH_USER_PATHS = NO;
				CLANG_ANALYZER_NONNULL = YES;
				CLANG_ANALYZER_NUMBER_OBJECT_CONVERSION = YES_AGGRESSIVE;
				CLANG_CXX_LANGUAGE_STANDARD = "gnu++0x";
				CLANG_CXX_LIBRARY = "libc++";
				CLANG_ENABLE_MODULES = YES;
				CLANG_ENABLE_OBJC_ARC = YES;
				CLANG_WARN_BOOL_CONVERSION = YES;
				CLANG_WARN_CONSTANT_CONVERSION = YES;
				CLANG_WARN_DIRECT_OBJC_ISA_USAGE = YES_ERROR;
				CLANG_WARN_DOCUMENTATION_COMMENTS = YES;
				CLANG_WARN_EMPTY_BODY = YES;
				CLANG_WARN_ENUM_CONVERSION = YES;
				CLANG_WARN_INFINITE_RECURSION = YES;
				CLANG_WARN_INT_CONVERSION = YES;
				CLANG_WARN_OBJC_ROOT_CLASS = YES_ERROR;
				CLANG_WARN_SUSPICIOUS_MOVE = YES;
				CLANG_WARN_UNREACHABLE_CODE = YES;
				CLANG_WARN__DUPLICATE_METHOD_MATCH = YES;
				"CODE_SIGN_IDENTITY[sdk=iphoneos*]" = "iPhone Developer";
				COPY_PHASE_STRIP = NO;
				DEBUG_INFORMATION_FORMAT = "dwarf-with-dsym";
				ENABLE_NS_ASSERTIONS = NO;
				ENABLE_STRICT_OBJC_MSGSEND = YES;
				GCC_C_LANGUAGE_STANDARD = gnu99;
				GCC_NO_COMMON_BLOCKS = YES;
				GCC_WARN_64_TO_32_BIT_CONVERSION = YES;
				GCC_WARN_ABOUT_RETURN_TYPE = YES_ERROR;
				GCC_WARN_UNDECLARED_SELECTOR = YES;
				GCC_WARN_UNINITIALIZED_AUTOS = YES_AGGRESSIVE;
				GCC_WARN_UNUSED_FUNCTION = YES;
				GCC_WARN_UNUSED_VARIABLE = YES;
				IPHONEOS_DEPLOYMENT_TARGET = 10.3;
				MTL_ENABLE_DEBUG_INFO = NO;
				SDKROOT = iphoneos;
				TARGETED_DEVICE_FAMILY = "1,2";
				VALIDATE_PRODUCT = YES;
			};
			name = Release;
		};
		82D5757B1EC317E5004AAFB0 /* Debug */ = {
			isa = XCBuildConfiguration;
			baseConfigurationReference = C762B8D94B92670B15C56ED8 /* Pods-XX_WeChat.debug.xcconfig */;
			buildSettings = {
				ASSETCATALOG_COMPILER_APPICON_NAME = AppIcon;
				GCC_PREFIX_HEADER = "${SRCROOT}/XX_WeChat/PrefixHeader.pch";
				INFOPLIST_FILE = XX_WeChat/Info.plist;
				LD_RUNPATH_SEARCH_PATHS = "$(inherited) @executable_path/Frameworks";
				PRODUCT_BUNDLE_IDENTIFIER = "IANI.XX-WeChat";
				PRODUCT_NAME = "$(TARGET_NAME)";
			};
			name = Debug;
		};
		82D5757C1EC317E5004AAFB0 /* Release */ = {
			isa = XCBuildConfiguration;
			baseConfigurationReference = EE41E3481B110FE6F8BF677C /* Pods-XX_WeChat.release.xcconfig */;
			buildSettings = {
				ASSETCATALOG_COMPILER_APPICON_NAME = AppIcon;
				GCC_PREFIX_HEADER = "${SRCROOT}/XX_WeChat/PrefixHeader.pch";
				INFOPLIST_FILE = XX_WeChat/Info.plist;
				LD_RUNPATH_SEARCH_PATHS = "$(inherited) @executable_path/Frameworks";
				PRODUCT_BUNDLE_IDENTIFIER = "IANI.XX-WeChat";
				PRODUCT_NAME = "$(TARGET_NAME)";
			};
			name = Release;
		};
/* End XCBuildConfiguration section */

/* Begin XCConfigurationList section */
		82D5755E1EC317E4004AAFB0 /* Build configuration list for PBXProject "XX_WeChat" */ = {
			isa = XCConfigurationList;
			buildConfigurations = (
				82D575781EC317E5004AAFB0 /* Debug */,
				82D575791EC317E5004AAFB0 /* Release */,
			);
			defaultConfigurationIsVisible = 0;
			defaultConfigurationName = Release;
		};
		82D5757A1EC317E5004AAFB0 /* Build configuration list for PBXNativeTarget "XX_WeChat" */ = {
			isa = XCConfigurationList;
			buildConfigurations = (
				82D5757B1EC317E5004AAFB0 /* Debug */,
				82D5757C1EC317E5004AAFB0 /* Release */,
			);
			defaultConfigurationIsVisible = 0;
			defaultConfigurationName = Release;
		};
/* End XCConfigurationList section */
	};
	rootObject = 82D5755B1EC317E4004AAFB0 /* Project object */;
}
